
Microsoft Visual Studio Solution File, Format Version 12.00
# Visual Studio Version 17
VisualStudioVersion = 17.0.31410.414
MinimumVisualStudioVersion = 10.0.40219.1
Project("{2150E333-8FDC-42A3-9474-1A3956D46DE8}") = "Working", "Working", "{4240E240-1038-4BF4-ABCC-A530F3728C8F}"
EndProject
Project("{FAE04EC0-301F-11D3-BF4B-00C04F79EFBC}") = "Dashboard.WebApi", "Dashboard.WebApi\Dashboard.WebApi.csproj", "{1F7C62F8-3666-4EA7-8240-2A18D22D176D}"
EndProject
Global
	GlobalSection(SolutionConfigurationPlatforms) = preSolution
		Debug|Any CPU = Debug|Any CPU
		Release|Any CPU = Release|Any CPU
	EndGlobalSection
	GlobalSection(ProjectConfigurationPlatforms) = postSolution
		{1F7C62F8-3666-4EA7-8240-2A18D22D176D}.Debug|Any CPU.ActiveCfg = Debug|Any CPU
		{1F7C62F8-3666-4EA7-8240-2A18D22D176D}.Debug|Any CPU.Build.0 = Debug|Any CPU
		{1F7C62F8-3666-4EA7-8240-2A18D22D176D}.Release|Any CPU.ActiveCfg = Release|Any CPU
		{1F7C62F8-3666-4EA7-8240-2A18D22D176D}.Release|Any CPU.Build.0 = Release|Any CPU
	EndGlobalSection
	GlobalSection(SolutionProperties) = preSolution
		HideSolutionNode = FALSE
	EndGlobalSection
	GlobalSection(NestedProjects) = preSolution
		{1F7C62F8-3666-4EA7-8240-2A18D22D176D} = {4240E240-1038-4BF4-ABCC-A530F3728C8F}
	EndGlobalSection
	GlobalSection(ExtensibilityGlobals) = postSolution
		SolutionGuid = {F0449CE2-11F3-409F-B42E-B91C18891F8C}
	EndGlobalSection
EndGlobal
